
Microsoft Visual Studio Solution File, Format Version 12.00
# Visual Studio Version 17
VisualStudioVersion = 17.0.31903.59
MinimumVisualStudioVersion = 10.0.40219.1
Project("{2150E333-8FDC-42A3-9474-1A3956D46DE8}") = "src", "src", "{CC8CC210-39D2-4A72-A413-C7D8694FABB7}"
EndProject
Project("{FAE04EC0-301F-11D3-BF4B-00C04F79EFBC}") = "FitrahDataAccess", "src\FitrahDataAccess\FitrahDataAccess.csproj", "{732C0CA0-7ED7-49CB-BE0F-F581203E3228}"
EndProject
Project("{FAE04EC0-301F-11D3-BF4B-00C04F79EFBC}") = "FitrahBusiness", "src\FitrahBusiness\FitrahBusiness.csproj", "{E6BE0D2C-F605-426C-BE42-C8C878D36622}"
EndProject
Project("{FAE04EC0-301F-11D3-BF4B-00C04F79EFBC}") = "FitrahAPI", "src\FitrahAPI\FitrahAPI.csproj", "{58266F16-A2B5-428B-97AE-42D7E1924FFC}"
EndProject
Project("{FAE04EC0-301F-11D3-BF4B-00C04F79EFBC}") = "FitrahWeb", "src\FitrahWeb\FitrahWeb.csproj", "{A00AF1F9-B981-41FD-9761-8C0402349A55}"
EndProject
Global
	GlobalSection(SolutionConfigurationPlatforms) = preSolution
		Debug|Any CPU = Debug|Any CPU
		Release|Any CPU = Release|Any CPU
	EndGlobalSection
	GlobalSection(SolutionProperties) = preSolution
		HideSolutionNode = FALSE
	EndGlobalSection
	GlobalSection(ProjectConfigurationPlatforms) = postSolution
		{732C0CA0-7ED7-49CB-BE0F-F581203E3228}.Debug|Any CPU.ActiveCfg = Debug|Any CPU
		{732C0CA0-7ED7-49CB-BE0F-F581203E3228}.Debug|Any CPU.Build.0 = Debug|Any CPU
		{732C0CA0-7ED7-49CB-BE0F-F581203E3228}.Release|Any CPU.ActiveCfg = Release|Any CPU
		{732C0CA0-7ED7-49CB-BE0F-F581203E3228}.Release|Any CPU.Build.0 = Release|Any CPU
		{E6BE0D2C-F605-426C-BE42-C8C878D36622}.Debug|Any CPU.ActiveCfg = Debug|Any CPU
		{E6BE0D2C-F605-426C-BE42-C8C878D36622}.Debug|Any CPU.Build.0 = Debug|Any CPU
		{E6BE0D2C-F605-426C-BE42-C8C878D36622}.Release|Any CPU.ActiveCfg = Release|Any CPU
		{E6BE0D2C-F605-426C-BE42-C8C878D36622}.Release|Any CPU.Build.0 = Release|Any CPU
		{58266F16-A2B5-428B-97AE-42D7E1924FFC}.Debug|Any CPU.ActiveCfg = Debug|Any CPU
		{58266F16-A2B5-428B-97AE-42D7E1924FFC}.Debug|Any CPU.Build.0 = Debug|Any CPU
		{58266F16-A2B5-428B-97AE-42D7E1924FFC}.Release|Any CPU.ActiveCfg = Release|Any CPU
		{58266F16-A2B5-428B-97AE-42D7E1924FFC}.Release|Any CPU.Build.0 = Release|Any CPU
		{A00AF1F9-B981-41FD-9761-8C0402349A55}.Debug|Any CPU.ActiveCfg = Debug|Any CPU
		{A00AF1F9-B981-41FD-9761-8C0402349A55}.Debug|Any CPU.Build.0 = Debug|Any CPU
		{A00AF1F9-B981-41FD-9761-8C0402349A55}.Release|Any CPU.ActiveCfg = Release|Any CPU
		{A00AF1F9-B981-41FD-9761-8C0402349A55}.Release|Any CPU.Build.0 = Release|Any CPU
	EndGlobalSection
	GlobalSection(NestedProjects) = preSolution
		{732C0CA0-7ED7-49CB-BE0F-F581203E3228} = {CC8CC210-39D2-4A72-A413-C7D8694FABB7}
		{E6BE0D2C-F605-426C-BE42-C8C878D36622} = {CC8CC210-39D2-4A72-A413-C7D8694FABB7}
		{58266F16-A2B5-428B-97AE-42D7E1924FFC} = {CC8CC210-39D2-4A72-A413-C7D8694FABB7}
		{A00AF1F9-B981-41FD-9761-8C0402349A55} = {CC8CC210-39D2-4A72-A413-C7D8694FABB7}
	EndGlobalSection
EndGlobal
